Microsoft Visual Studio Solution File, Format Version 12.00
# Visual Studio Version 16
VisualStudioVersion = 16.0.0.0
MinimumVisualStudioVersion = 10.0.40219.1
Project("{9A19103F-16F7-4668-BE54-9A1E7A4F7556}") = "Finoaker.Web.Recaptcha", "src\Finoaker.Web.Recaptcha.csproj", "{B24AB6A1-5D04-4134-8D3D-76B780FC8DAF}"
EndProject
Project("{2150E333-8FDC-42A3-9474-1A3956D46DE8}") = "Solution Items", "Solution Items", "{B88FC43C-DBD1-4B6E-AE50-3700FEA4ECF8}"
	ProjectSection(SolutionItems) = preProject
		CHANGELOG.md = CHANGELOG.md
		README.md = README.md
	EndProjectSection
EndProject
Project("{9A19103F-16F7-4668-BE54-9A1E7A4F7556}") = "Finoaker.Web.Recaptcha.TestApp", "samples\TestApp\Finoaker.Web.Recaptcha.TestApp.csproj", "{FEAE3B95-9F12-48A3-AF2A-687773CC40B3}"
EndProject
Project("{9A19103F-16F7-4668-BE54-9A1E7A4F7556}") = "Finoaker.Web.Recaptcha.Test", "test\Finoaker.Web.Recaptcha.Test.csproj", "{328189EC-3B76-4B3E-8ADA-59A89C53270E}"
EndProject
Global
	GlobalSection(SolutionConfigurationPlatforms) = preSolution
		Debug|Any CPU = Debug|Any CPU
		Release|Any CPU = Release|Any CPU
	EndGlobalSection
	GlobalSection(ProjectConfigurationPlatforms) = postSolution
		{B24AB6A1-5D04-4134-8D3D-76B780FC8DAF}.Debug|Any CPU.ActiveCfg = Debug|Any CPU
		{B24AB6A1-5D04-4134-8D3D-76B780FC8DAF}.Debug|Any CPU.Build.0 = Debug|Any CPU
		{B24AB6A1-5D04-4134-8D3D-76B780FC8DAF}.Release|Any CPU.ActiveCfg = Release|Any CPU
		{B24AB6A1-5D04-4134-8D3D-76B780FC8DAF}.Release|Any CPU.Build.0 = Release|Any CPU
		{FEAE3B95-9F12-48A3-AF2A-687773CC40B3}.Debug|Any CPU.ActiveCfg = Debug|Any CPU
		{FEAE3B95-9F12-48A3-AF2A-687773CC40B3}.Debug|Any CPU.Build.0 = Debug|Any CPU
		{FEAE3B95-9F12-48A3-AF2A-687773CC40B3}.Release|Any CPU.ActiveCfg = Release|Any CPU
		{FEAE3B95-9F12-48A3-AF2A-687773CC40B3}.Release|Any CPU.Build.0 = Release|Any CPU
		{328189EC-3B76-4B3E-8ADA-59A89C53270E}.Debug|Any CPU.ActiveCfg = Debug|Any CPU
		{328189EC-3B76-4B3E-8ADA-59A89C53270E}.Debug|Any CPU.Build.0 = Debug|Any CPU
		{328189EC-3B76-4B3E-8ADA-59A89C53270E}.Release|Any CPU.ActiveCfg = Release|Any CPU
		{328189EC-3B76-4B3E-8ADA-59A89C53270E}.Release|Any CPU.Build.0 = Release|Any CPU
	EndGlobalSection
	GlobalSection(SolutionProperties) = preSolution
		HideSolutionNode = FALSE
	EndGlobalSection
	GlobalSection(ExtensibilityGlobals) = postSolution
		SolutionGuid = {5F7EF16A-2F9C-4D89-A984-0A9C61883026}
	EndGlobalSection
EndGlobal
